// !$*UTF8*$!
{
	archiveVersion = 1;
	classes = {
	};
	objectVersion = 53;
	objects = {

/* Begin PBXBuildFile section */
		5B860B5A2A72B5390094FA47 /* FlipTutorialApp.swift in Sources */ = {isa = PBXBuildFile; fileRef = 5B860B592A72B5390094FA47 /* FlipTutorialApp.swift */; };
		5B860B5C2A72B5390094FA47 /* ContentView.swift in Sources */ = {isa = PBXBuildFile; fileRef = 5B860B5B2A72B5390094FA47 /* ContentView.swift */; };
		5B860B5E2A72B5390094FA47 /* Assets.xcassets in Resources */ = {isa = PBXBuildFile; fileRef = 5B860B5D2A72B5390094FA47 /* Assets.xcassets */; };
		5B860B612A72B5390094FA47 /* Preview Assets.xcassets in Resources */ = {isa = PBXBuildFile; fileRef = 5B860B602A72B5390094FA47 /* Preview Assets.xcassets */; };
/* End PBXBuildFile section */

/* Begin PBXFileReference section */
		5B860B312A72B44F0094FA47 /* FlipViewModel.swift */ = {isa = PBXFileReference; fileEncoding = 4; lastKnownFileType = sourcecode.swift; path = FlipViewModel.swift; sourceTree = "<group>"; };
		5B860B322A72B44F0094FA47 /* ClockViewModel.swift */ = {isa = PBXFileReference; fileEncoding = 4; lastKnownFileType = sourcecode.swift; path = ClockViewModel.swift; sourceTree = "<group>"; };
		5B860B342A72B44F0094FA47 /* Preview Assets.xcassets */ = {isa = PBXFileReference; lastKnownFileType = folder.assetcatalog; path = "Preview Assets.xcassets"; sourceTree = "<group>"; };
		5B860B362A72B44F0094FA47 /* DateFormatter+TimeFormatter.swift */ = {isa = PBXFileReference; fileEncoding = 4; lastKnownFileType = sourcecode.swift; path = "DateFormatter+TimeFormatter.swift"; sourceTree = "<group>"; };
		5B860B372A72B44F0094FA47 /* Color+Colors.swift */ = {isa = PBXFileReference; fileEncoding = 4; lastKnownFileType = sourcecode.swift; path = "Color+Colors.swift"; sourceTree = "<group>"; };
		5B860B392A72B44F0094FA47 /* AppDelegate.swift */ = {isa = PBXFileReference; fileEncoding = 4; lastKnownFileType = sourcecode.swift; path = AppDelegate.swift; sourceTree = "<group>"; };
		5B860B3A2A72B44F0094FA47 /* SceneDelegate.swift */ = {isa = PBXFileReference; fileEncoding = 4; lastKnownFileType = sourcecode.swift; path = SceneDelegate.swift; sourceTree = "<group>"; };
		5B860B3C2A72B44F0094FA47 /* Assets.xcassets */ = {isa = PBXFileReference; lastKnownFileType = folder.assetcatalog; path = Assets.xcassets; sourceTree = "<group>"; };
		5B860B3F2A72B44F0094FA47 /* Info.plist */ = {isa = PBXFileReference; fileEncoding = 4; lastKnownFileType = text.plist.xml; path = Info.plist; sourceTree = "<group>"; };
		5B860B412A72B44F0094FA47 /* FlipView.swift */ = {isa = PBXFileReference; fileEncoding = 4; lastKnownFileType = sourcecode.swift; path = FlipView.swift; sourceTree = "<group>"; };
		5B860B422A72B44F0094FA47 /* ClockView.swift */ = {isa = PBXFileReference; fileEncoding = 4; lastKnownFileType = sourcecode.swift; path = ClockView.swift; sourceTree = "<group>"; };
		5B860B432A72B44F0094FA47 /* SingleFlipView.swift */ = {isa = PBXFileReference; fileEncoding = 4; lastKnownFileType = sourcecode.swift; path = SingleFlipView.swift; sourceTree = "<group>"; };
		5B860B442A72B44F0094FA47 /* ContentView.swift */ = {isa = PBXFileReference; fileEncoding = 4; lastKnownFileType = sourcecode.swift; path = ContentView.swift; sourceTree = "<group>"; };
		5B860B572A72B5390094FA47 /* FlipTutorial.app */ = {isa = PBXFileReference; explicitFileType = wrapper.application; includeInIndex = 0; path = FlipTutorial.app; sourceTree = BUILT_PRODUCTS_DIR; };
		5B860B592A72B5390094FA47 /* FlipTutorialApp.swift */ = {isa = PBXFileReference; lastKnownFileType = sourcecode.swift; path = FlipTutorialApp.swift; sourceTree = "<group>"; };
		5B860B5B2A72B5390094FA47 /* ContentView.swift */ = {isa = PBXFileReference; lastKnownFileType = sourcecode.swift; path = ContentView.swift; sourceTree = "<group>"; };
		5B860B5D2A72B5390094FA47 /* Assets.xcassets */ = {isa = PBXFileReference; lastKnownFileType = folder.assetcatalog; path = Assets.xcassets; sourceTree = "<group>"; };
		5B860B602A72B5390094FA47 /* Preview Assets.xcassets */ = {isa = PBXFileReference; lastKnownFileType = folder.assetcatalog; path = "Preview Assets.xcassets"; sourceTree = "<group>"; };
/* End PBXFileReference section */

/* Begin PBXFrameworksBuildPhase section */
		5B860B542A72B5390094FA47 /* Frameworks */ = {
			isa = PBXFrameworksBuildPhase;
			buildActionMask = 2147483647;
			files = (
			);
			runOnlyForDeploymentPostprocessing = 0;
		};
/* End PBXFrameworksBuildPhase section */

/* Begin PBXGroup section */
		47F96E362354F3480036311F = {
			isa = PBXGroup;
			children = (
				5B860B2F2A72B44F0094FA47 /* FlipTutorial */,
				5B860B582A72B5390094FA47 /* FlipTutorial */,
				47F96E402354F3480036311F /* Products */,
			);
			sourceTree = "<group>";
		};
		47F96E402354F3480036311F /* Products */ = {
			isa = PBXGroup;
			children = (
				5B860B572A72B5390094FA47 /* FlipTutorial.app */,
			);
			name = Products;
			sourceTree = "<group>";
		};
		5B860B2F2A72B44F0094FA47 /* FlipTutorial */ = {
			isa = PBXGroup;
			children = (
				5B860B302A72B44F0094FA47 /* ViewModels */,
				5B860B332A72B44F0094FA47 /* Preview Content */,
				5B860B352A72B44F0094FA47 /* Extensions */,
				5B860B382A72B44F0094FA47 /* Application */,
				5B860B3B2A72B44F0094FA47 /* SupportingFiles */,
				5B860B402A72B44F0094FA47 /* Views */,
			);
			path = FlipTutorial;
			sourceTree = "<group>";
		};
		5B860B302A72B44F0094FA47 /* ViewModels */ = {
			isa = PBXGroup;
			children = (
				5B860B312A72B44F0094FA47 /* FlipViewModel.swift */,
				5B860B322A72B44F0094FA47 /* ClockViewModel.swift */,
			);
			path = ViewModels;
			sourceTree = "<group>";
		};
		5B860B332A72B44F0094FA47 /* Preview Content */ = {
			isa = PBXGroup;
			children = (
				5B860B342A72B44F0094FA47 /* Preview Assets.xcassets */,
			);
			path = "Preview Content";
			sourceTree = "<group>";
		};
		5B860B352A72B44F0094FA47 /* Extensions */ = {
			isa = PBXGroup;
			children = (
				5B860B362A72B44F0094FA47 /* DateFormatter+TimeFormatter.swift */,
				5B860B372A72B44F0094FA47 /* Color+Colors.swift */,
			);
			path = Extensions;
			sourceTree = "<group>";
		};
		5B860B382A72B44F0094FA47 /* Application */ = {
			isa = PBXGroup;
			children = (
				5B860B392A72B44F0094FA47 /* AppDelegate.swift */,
				5B860B3A2A72B44F0094FA47 /* SceneDelegate.swift */,
			);
			path = Application;
			sourceTree = "<group>";
		};
		5B860B3B2A72B44F0094FA47 /* SupportingFiles */ = {
			isa = PBXGroup;
			children = (
				5B860B3C2A72B44F0094FA47 /* Assets.xcassets */,
				5B860B3F2A72B44F0094FA47 /* Info.plist */,
			);
			path = SupportingFiles;
			sourceTree = "<group>";
		};
		5B860B402A72B44F0094FA47 /* Views */ = {
			isa = PBXGroup;
			children = (
				5B860B412A72B44F0094FA47 /* FlipView.swift */,
				5B860B422A72B44F0094FA47 /* ClockView.swift */,
				5B860B432A72B44F0094FA47 /* SingleFlipView.swift */,
				5B860B442A72B44F0094FA47 /* ContentView.swift */,
			);
			path = Views;
			sourceTree = "<group>";
		};
		5B860B582A72B5390094FA47 /* FlipTutorial */ = {
			isa = PBXGroup;
			children = (
				5B860B592A72B5390094FA47 /* FlipTutorialApp.swift */,
				5B860B5B2A72B5390094FA47 /* ContentView.swift */,
				5B860B5D2A72B5390094FA47 /* Assets.xcassets */,
				5B860B5F2A72B5390094FA47 /* Preview Content */,
			);
			path = FlipTutorial;
			sourceTree = "<group>";
		};
		5B860B5F2A72B5390094FA47 /* Preview Content */ = {
			isa = PBXGroup;
			children = (
				5B860B602A72B5390094FA47 /* Preview Assets.xcassets */,
			);
			path = "Preview Content";
			sourceTree = "<group>";
		};
/* End PBXGroup section */

/* Begin PBXNativeTarget section */
		5B860B562A72B5390094FA47 /* FlipTutorial */ = {
			isa = PBXNativeTarget;
			buildConfigurationList = 5B860B622A72B5390094FA47 /* Build configuration list for PBXNativeTarget "FlipTutorial" */;
			buildPhases = (
				5B860B532A72B5390094FA47 /* Sources */,
				5B860B542A72B5390094FA47 /* Frameworks */,
				5B860B552A72B5390094FA47 /* Resources */,
			);
			buildRules = (
			);
			dependencies = (
			);
			name = FlipTutorial;
			productName = FlipTutorial;
			productReference = 5B860B572A72B5390094FA47 /* FlipTutorial.app */;
			productType = "com.apple.product-type.application";
		};
/* End PBXNativeTarget section */

/* Begin PBXProject section */
		47F96E372354F3480036311F /* Project object */ = {
			isa = PBXProject;
			attributes = {
				BuildIndependentTargetsInParallel = YES;
				LastSwiftUpdateCheck = 1430;
				LastUpgradeCheck = 1430;
				ORGANIZATIONNAME = "";
				TargetAttributes = {
					5B860B562A72B5390094FA47 = {
						CreatedOnToolsVersion = 14.3;
					};
				};
			};
			buildConfigurationList = 47F96E3A2354F3480036311F /* Build configuration list for PBXProject "FlipTutorial" */;
			compatibilityVersion = "Xcode 9.3";
			developmentRegion = en;
			hasScannedForEncodings = 0;
			knownRegions = (
				en,
				Base,
			);
			mainGroup = 47F96E362354F3480036311F;
			productRefGroup = 47F96E402354F3480036311F /* Products */;
			projectDirPath = "";
			projectRoot = "";
			targets = (
				5B860B562A72B5390094FA47 /* FlipTutorial */,
			);
		};
/* End PBXProject section */

/* Begin PBXResourcesBuildPhase section */
		5B860B552A72B5390094FA47 /* Resources */ = {
			isa = PBXResourcesBuildPhase;
			buildActionMask = 2147483647;
			files = (
				5B860B612A72B5390094FA47 /* Preview Assets.xcassets in Resources */,
				5B860B5E2A72B5390094FA47 /* Assets.xcassets in Resources */,
			);
			runOnlyForDeploymentPostprocessing = 0;
		};
/* End PBXResourcesBuildPhase section */

/* Begin PBXSourcesBuildPhase section */
		5B860B532A72B5390094FA47 /* Sources */ = {
			isa = PBXSourcesBuildPhase;
			buildActionMask = 2147483647;
			files = (
				5B860B5C2A72B5390094FA47 /* ContentView.swift in Sources */,
				5B860B5A2A72B5390094FA47 /* FlipTutorialApp.swift in Sources */,
			);
			runOnlyForDeploymentPostprocessing = 0;
		};
/* End PBXSourcesBuildPhase section */

/* Begin XCBuildConfiguration section */
		47F96E512354F3490036311F /* Debug */ = {
			isa = XCBuildConfiguration;
			buildSettings = {
				ALWAYS_SEARCH_USER_PATHS = NO;
				CLANG_ANALYZER_NONNULL = YES;
				CLANG_ANALYZER_NUMBER_OBJECT_CONVERSION = YES_AGGRESSIVE;
				CLANG_CXX_LANGUAGE_STANDARD = "gnu++14";
				CLANG_CXX_LIBRARY = "libc++";
				CLANG_ENABLE_MODULES = YES;
				CLANG_ENABLE_OBJC_ARC = YES;
				CLANG_ENABLE_OBJC_WEAK = YES;
				CLANG_WARN_BLOCK_CAPTURE_AUTORELEASING = YES;
				CLANG_WARN_BOOL_CONVERSION = YES;
				CLANG_WARN_COMMA = YES;
				CLANG_WARN_CONSTANT_CONVERSION = YES;
				CLANG_WARN_DEPRECATED_OBJC_IMPLEMENTATIONS = YES;
				CLANG_WARN_DIRECT_OBJC_ISA_USAGE = YES_ERROR;
				CLANG_WARN_DOCUMENTATION_COMMENTS = YES;
				CLANG_WARN_EMPTY_BODY = YES;
				CLANG_WARN_ENUM_CONVERSION = YES;
				CLANG_WARN_INFINITE_RECURSION = YES;
				CLANG_WARN_INT_CONVERSION = YES;
				CLANG_WARN_NON_LITERAL_NULL_CONVERSION = YES;
				CLANG_WARN_OBJC_IMPLICIT_RETAIN_SELF = YES;
				CLANG_WARN_OBJC_LITERAL_CONVERSION = YES;
				CLANG_WARN_OBJC_ROOT_CLASS = YES_ERROR;
				CLANG_WARN_QUOTED_INCLUDE_IN_FRAMEWORK_HEADER = YES;
				CLANG_WARN_RANGE_LOOP_ANALYSIS = YES;
				CLANG_WARN_STRICT_PROTOTYPES = YES;
				CLANG_WARN_SUSPICIOUS_MOVE = YES;
				CLANG_WARN_UNGUARDED_AVAILABILITY = YES_AGGRESSIVE;
				CLANG_WARN_UNREACHABLE_CODE = YES;
				CLANG_WARN__DUPLICATE_METHOD_MATCH = YES;
				COPY_PHASE_STRIP = NO;
				DEBUG_INFORMATION_FORMAT = dwarf;
				ENABLE_STRICT_OBJC_MSGSEND = YES;
				ENABLE_TESTABILITY = YES;
				GCC_C_LANGUAGE_STANDARD = gnu11;
				GCC_DYNAMIC_NO_PIC = NO;
				GCC_NO_COMMON_BLOCKS = YES;
				GCC_OPTIMIZATION_LEVEL = 0;
				GCC_PREPROCESSOR_DEFINITIONS = (
					"DEBUG=1",
					"$(inherited)",
				);
				GCC_WARN_64_TO_32_BIT_CONVERSION = YES;
				GCC_WARN_ABOUT_RETURN_TYPE = YES_ERROR;
				GCC_WARN_UNDECLARED_SELECTOR = YES;
				GCC_WARN_UNINITIALIZED_AUTOS = YES_AGGRESSIVE;
				GCC_WARN_UNUSED_FUNCTION = YES;
				GCC_WARN_UNUSED_VARIABLE = YES;
				IPHONEOS_DEPLOYMENT_TARGET = 13.0;
				MTL_ENABLE_DEBUG_INFO = INCLUDE_SOURCE;
				MTL_FAST_MATH = YES;
				ONLY_ACTIVE_ARCH = YES;
				SDKROOT = iphoneos;
				SWIFT_ACTIVE_COMPILATION_CONDITIONS = DEBUG;
				SWIFT_OPTIMIZATION_LEVEL = "-Onone";
			};
			name = Debug;
		};
		47F96E522354F3490036311F /* Release */ = {
			isa = XCBuildConfiguration;
			buildSettings = {
				ALWAYS_SEARCH_USER_PATHS = NO;
				CLANG_ANALYZER_NONNULL = YES;
				CLANG_ANALYZER_NUMBER_OBJECT_CONVERSION = YES_AGGRESSIVE;
				CLANG_CXX_LANGUAGE_STANDARD = "gnu++14";
				CLANG_CXX_LIBRARY = "libc++";
				CLANG_ENABLE_MODULES = YES;
				CLANG_ENABLE_OBJC_ARC = YES;
				CLANG_ENABLE_OBJC_WEAK = YES;
				CLANG_WARN_BLOCK_CAPTURE_AUTORELEASING = YES;
				CLANG_WARN_BOOL_CONVERSION = YES;
				CLANG_WARN_COMMA = YES;
				CLANG_WARN_CONSTANT_CONVERSION = YES;
				CLANG_WARN_DEPRECATED_OBJC_IMPLEMENTATIONS = YES;
				CLANG_WARN_DIRECT_OBJC_ISA_USAGE = YES_ERROR;
				CLANG_WARN_DOCUMENTATION_COMMENTS = YES;
				CLANG_WARN_EMPTY_BODY = YES;
				CLANG_WARN_ENUM_CONVERSION = YES;
				CLANG_WARN_INFINITE_RECURSION = YES;
				CLANG_WARN_INT_CONVERSION = YES;
				CLANG_WARN_NON_LITERAL_NULL_CONVERSION = YES;
				CLANG_WARN_OBJC_IMPLICIT_RETAIN_SELF = YES;
				CLANG_WARN_OBJC_LITERAL_CONVERSION = YES;
				CLANG_WARN_OBJC_ROOT_CLASS = YES_ERROR;
				CLANG_WARN_QUOTED_INCLUDE_IN_FRAMEWORK_HEADER = YES;
				CLANG_WARN_RANGE_LOOP_ANALYSIS = YES;
				CLANG_WARN_STRICT_PROTOTYPES = YES;
				CLANG_WARN_SUSPICIOUS_MOVE = YES;
				CLANG_WARN_UNGUARDED_AVAILABILITY = YES_AGGRESSIVE;
				CLANG_WARN_UNREACHABLE_CODE = YES;
				CLANG_WARN__DUPLICATE_METHOD_MATCH = YES;
				COPY_PHASE_STRIP = NO;
				DEBUG_INFORMATION_FORMAT = "dwarf-with-dsym";
				ENABLE_NS_ASSERTIONS = NO;
				ENABLE_STRICT_OBJC_MSGSEND = YES;
				GCC_C_LANGUAGE_STANDARD = gnu11;
				GCC_NO_COMMON_BLOCKS = YES;
				GCC_WARN_64_TO_32_BIT_CONVERSION = YES;
				GCC_WARN_ABOUT_RETURN_TYPE = YES_ERROR;
				GCC_WARN_UNDECLARED_SELECTOR = YES;
				GCC_WARN_UNINITIALIZED_AUTOS = YES_AGGRESSIVE;
				GCC_WARN_UNUSED_FUNCTION = YES;
				GCC_WARN_UNUSED_VARIABLE = YES;
				IPHONEOS_DEPLOYMENT_TARGET = 13.0;
				MTL_ENABLE_DEBUG_INFO = NO;
				MTL_FAST_MATH = YES;
				SDKROOT = iphoneos;
				SWIFT_COMPILATION_MODE = wholemodule;
				SWIFT_OPTIMIZATION_LEVEL = "-O";
				VALIDATE_PRODUCT = YES;
			};
			name = Release;
		};
		5B860B632A72B5390094FA47 /* Debug */ = {
			isa = XCBuildConfiguration;
			buildSettings = {
				ASSETCATALOG_COMPILER_APPICON_NAME = AppIcon;
				ASSETCATALOG_COMPILER_GLOBAL_ACCENT_COLOR_NAME = AccentColor;
				CLANG_CXX_LANGUAGE_STANDARD = "gnu++20";
				CODE_SIGN_STYLE = Automatic;
				CURRENT_PROJECT_VERSION = 1;
				DEVELOPMENT_ASSET_PATHS = "\"FlipTutorial/Preview Content\"";
				DEVELOPMENT_TEAM = 5Z238234D5;
				ENABLE_PREVIEWS = YES;
				GENERATE_INFOPLIST_FILE = YES;
				INFOPLIST_KEY_UIApplicationSceneManifest_Generation = YES;
				INFOPLIST_KEY_UIApplicationSupportsIndirectInputEvents = YES;
				INFOPLIST_KEY_UILaunchScreen_Generation = YES;
				INFOPLIST_KEY_UISupportedInterfaceOrientations_iPad = "UIInterfaceOrientationPortrait UIInterfaceOrientationPortraitUpsideDown UIInterfaceOrientationLandscapeLeft UIInterfaceOrientationLandscapeRight";
				INFOPLIST_KEY_UISupportedInterfaceOrientations_iPhone = "UIInterfaceOrientationPortrait UIInterfaceOrientationLandscapeLeft UIInterfaceOrientationLandscapeRight";
				IPHONEOS_DEPLOYMENT_TARGET = 16.4;
				LD_RUNPATH_SEARCH_PATHS = (
					"$(inherited)",
					"@executable_path/Frameworks",
				);
				MARKETING_VERSION = 1.0;
				PRODUCT_BUNDLE_IDENTIFIER = pos.FlipTutorial;
				PRODUCT_NAME = "$(TARGET_NAME)";
				SWIFT_EMIT_LOC_STRINGS = YES;
				SWIFT_VERSION = 5.0;
				TARGETED_DEVICE_FAMILY = "1,2";
			};
			name = Debug;
		};
		5B860B642A72B5390094FA47 /* Release */ = {
			isa = XCBuildConfiguration;
			buildSettings = {
				ASSETCATALOG_COMPILER_APPICON_NAME = AppIcon;
				ASSETCATALOG_COMPILER_GLOBAL_ACCENT_COLOR_NAME = AccentColor;
				CLANG_CXX_LANGUAGE_STANDARD = "gnu++20";
				CODE_SIGN_STYLE = Automatic;
				CURRENT_PROJECT_VERSION = 1;
				DEVELOPMENT_ASSET_PATHS = "\"FlipTutorial/Preview Content\"";
				DEVELOPMENT_TEAM = 5Z238234D5;
				ENABLE_PREVIEWS = YES;
				GENERATE_INFOPLIST_FILE = YES;
				INFOPLIST_KEY_UIApplicationSceneManifest_Generation = YES;
				INFOPLIST_KEY_UIApplicationSupportsIndirectInputEvents = YES;
				INFOPLIST_KEY_UILaunchScreen_Generation = YES;
				INFOPLIST_KEY_UISupportedInterfaceOrientations_iPad = "UIInterfaceOrientationPortrait UIInterfaceOrientationPortraitUpsideDown UIInterfaceOrientationLandscapeLeft UIInterfaceOrientationLandscapeRight";
				INFOPLIST_KEY_UISupportedInterfaceOrientations_iPhone = "UIInterfaceOrientationPortrait UIInterfaceOrientationLandscapeLeft UIInterfaceOrientationLandscapeRight";
				IPHONEOS_DEPLOYMENT_TARGET = 16.4;
				LD_RUNPATH_SEARCH_PATHS = (
					"$(inherited)",
					"@executable_path/Frameworks",
				);
				MARKETING_VERSION = 1.0;
				PRODUCT_BUNDLE_IDENTIFIER = pos.FlipTutorial;
				PRODUCT_NAME = "$(TARGET_NAME)";
				SWIFT_EMIT_LOC_STRINGS = YES;
				SWIFT_VERSION = 5.0;
				TARGETED_DEVICE_FAMILY = "1,2";
			};
			name = Release;
		};
/* End XCBuildConfiguration section */

/* Begin XCConfigurationList section */
		47F96E3A2354F3480036311F /* Build configuration list for PBXProject "FlipTutorial" */ = {
			isa = XCConfigurationList;
			buildConfigurations = (
				47F96E512354F3490036311F /* Debug */,
				47F96E522354F3490036311F /* Release */,
			);
			defaultConfigurationIsVisible = 0;
			defaultConfigurationName = Release;
		};
		5B860B622A72B5390094FA47 /* Build configuration list for PBXNativeTarget "FlipTutorial" */ = {
			isa = XCConfigurationList;
			buildConfigurations = (
				5B860B632A72B5390094FA47 /* Debug */,
				5B860B642A72B5390094FA47 /* Release */,
			);
			defaultConfigurationIsVisible = 0;
			defaultConfigurationName = Release;
		};
/* End XCConfigurationList section */
	};
	rootObject = 47F96E372354F3480036311F /* Project object */;
}
